
Microsoft Visual Studio Solution File, Format Version 12.00
# Visual Studio Version 16
VisualStudioVersion = 16.0.31410.357
MinimumVisualStudioVersion = 10.0.40219.1
Project("{FAE04EC0-301F-11D3-BF4B-00C04F79EFBC}") = "NP.Demos.Panels", "NP.Demos.Panels.csproj", "{A079DA5B-6132-4CF7-8567-0DD0E54EC6FF}"
EndProject
Global
	GlobalSection(SolutionConfigurationPlatforms) = preSolution
		Debug|Any CPU = Debug|Any CPU
		Release|Any CPU = Release|Any CPU
	EndGlobalSection
	GlobalSection(ProjectConfigurationPlatforms) = postSolution
		{A079DA5B-6132-4CF7-8567-0DD0E54EC6FF}.Debug|Any CPU.ActiveCfg = Debug|Any CPU
		{A079DA5B-6132-4CF7-8567-0DD0E54EC6FF}.Debug|Any CPU.Build.0 = Debug|Any CPU
		{A079DA5B-6132-4CF7-8567-0DD0E54EC6FF}.Release|Any CPU.ActiveCfg = Release|Any CPU
		{A079DA5B-6132-4CF7-8567-0DD0E54EC6FF}.Release|Any CPU.Build.0 = Release|Any CPU
	EndGlobalSection
	GlobalSection(SolutionProperties) = preSolution
		HideSolutionNode = FALSE
	EndGlobalSection
	GlobalSection(ExtensibilityGlobals) = postSolution
		SolutionGuid = {F31EE18C-D5F2-4C0E-808A-0DC917029F12}
	EndGlobalSection
EndGlobal
